
Microsoft Visual Studio Solution File, Format Version 12.00
# Visual Studio Version 17
VisualStudioVersion = 17.8.34309.116
MinimumVisualStudioVersion = 10.0.40219.1
Project("{9A19103F-16F7-4668-BE54-9A1E7A4F7556}") = "ToDoList", "ToDoList\ToDoList.csproj", "{BBC91B2B-0ADF-436B-9ADF-AF9381BD56A1}"
EndProject
Project("{9A19103F-16F7-4668-BE54-9A1E7A4F7556}") = "ToDoList.Android", "ToDoList.Android\ToDoList.Android.csproj", "{CD3A5F8F-908F-49AE-8D64-926092F577A4}"
EndProject
Project("{9A19103F-16F7-4668-BE54-9A1E7A4F7556}") = "ToDoList.Desktop", "ToDoList.Desktop\ToDoList.Desktop.csproj", "{E66ED7DC-F93A-4921-9549-10D2DEC5FAA9}"
EndProject
Project("{9A19103F-16F7-4668-BE54-9A1E7A4F7556}") = "ToDoList.iOS", "ToDoList.iOS\ToDoList.iOS.csproj", "{4FFC7D74-5B96-44E6-8C74-0C527E2CE449}"
EndProject
Project("{9A19103F-16F7-4668-BE54-9A1E7A4F7556}") = "ToDoList.Browser", "ToDoList.Browser\ToDoList.Browser.csproj", "{A2DC7F98-8AD3-4307-8E13-BA9047F744F9}"
EndProject
Project("{FAE04EC0-301F-11D3-BF4B-00C04F79EFBC}") = "ToDoList.Model", "ToDoList.Model\ToDoList.Model.csproj", "{936DD750-D4EC-4BFF-BA30-8F79104B9B39}"
EndProject
Global
	GlobalSection(SolutionConfigurationPlatforms) = preSolution
		Debug|Any CPU = Debug|Any CPU
		Release|Any CPU = Release|Any CPU
	EndGlobalSection
	GlobalSection(ProjectConfigurationPlatforms) = postSolution
		{BBC91B2B-0ADF-436B-9ADF-AF9381BD56A1}.Debug|Any CPU.ActiveCfg = Debug|Any CPU
		{BBC91B2B-0ADF-436B-9ADF-AF9381BD56A1}.Debug|Any CPU.Build.0 = Debug|Any CPU
		{BBC91B2B-0ADF-436B-9ADF-AF9381BD56A1}.Release|Any CPU.ActiveCfg = Release|Any CPU
		{BBC91B2B-0ADF-436B-9ADF-AF9381BD56A1}.Release|Any CPU.Build.0 = Release|Any CPU
		{CD3A5F8F-908F-49AE-8D64-926092F577A4}.Debug|Any CPU.ActiveCfg = Debug|Any CPU
		{CD3A5F8F-908F-49AE-8D64-926092F577A4}.Debug|Any CPU.Build.0 = Debug|Any CPU
		{CD3A5F8F-908F-49AE-8D64-926092F577A4}.Debug|Any CPU.Deploy.0 = Debug|Any CPU
		{CD3A5F8F-908F-49AE-8D64-926092F577A4}.Release|Any CPU.ActiveCfg = Release|Any CPU
		{CD3A5F8F-908F-49AE-8D64-926092F577A4}.Release|Any CPU.Build.0 = Release|Any CPU
		{CD3A5F8F-908F-49AE-8D64-926092F577A4}.Release|Any CPU.Deploy.0 = Release|Any CPU
		{E66ED7DC-F93A-4921-9549-10D2DEC5FAA9}.Debug|Any CPU.ActiveCfg = Debug|Any CPU
		{E66ED7DC-F93A-4921-9549-10D2DEC5FAA9}.Debug|Any CPU.Build.0 = Debug|Any CPU
		{E66ED7DC-F93A-4921-9549-10D2DEC5FAA9}.Release|Any CPU.ActiveCfg = Release|Any CPU
		{E66ED7DC-F93A-4921-9549-10D2DEC5FAA9}.Release|Any CPU.Build.0 = Release|Any CPU
		{4FFC7D74-5B96-44E6-8C74-0C527E2CE449}.Debug|Any CPU.ActiveCfg = Debug|Any CPU
		{4FFC7D74-5B96-44E6-8C74-0C527E2CE449}.Debug|Any CPU.Build.0 = Debug|Any CPU
		{4FFC7D74-5B96-44E6-8C74-0C527E2CE449}.Debug|Any CPU.Deploy.0 = Debug|Any CPU
		{4FFC7D74-5B96-44E6-8C74-0C527E2CE449}.Release|Any CPU.ActiveCfg = Release|Any CPU
		{4FFC7D74-5B96-44E6-8C74-0C527E2CE449}.Release|Any CPU.Build.0 = Release|Any CPU
		{4FFC7D74-5B96-44E6-8C74-0C527E2CE449}.Release|Any CPU.Deploy.0 = Release|Any CPU
		{A2DC7F98-8AD3-4307-8E13-BA9047F744F9}.Debug|Any CPU.ActiveCfg = Debug|Any CPU
		{A2DC7F98-8AD3-4307-8E13-BA9047F744F9}.Debug|Any CPU.Build.0 = Debug|Any CPU
		{A2DC7F98-8AD3-4307-8E13-BA9047F744F9}.Release|Any CPU.ActiveCfg = Release|Any CPU
		{A2DC7F98-8AD3-4307-8E13-BA9047F744F9}.Release|Any CPU.Build.0 = Release|Any CPU
		{936DD750-D4EC-4BFF-BA30-8F79104B9B39}.Debug|Any CPU.ActiveCfg = Debug|Any CPU
		{936DD750-D4EC-4BFF-BA30-8F79104B9B39}.Debug|Any CPU.Build.0 = Debug|Any CPU
		{936DD750-D4EC-4BFF-BA30-8F79104B9B39}.Release|Any CPU.ActiveCfg = Release|Any CPU
		{936DD750-D4EC-4BFF-BA30-8F79104B9B39}.Release|Any CPU.Build.0 = Release|Any CPU
	EndGlobalSection
	GlobalSection(SolutionProperties) = preSolution
		HideSolutionNode = FALSE
	EndGlobalSection
	GlobalSection(ExtensibilityGlobals) = postSolution
		SolutionGuid = {3413F197-03C2-4D8A-A0C1-0E3E07FE8051}
	EndGlobalSection
EndGlobal
